// !$*UTF8*$!
{
	archiveVersion = 1;
	classes = {
	};
	objectVersion = 46;
	objects = {

/* Begin PBXBuildFile section */
		880173841F0DAD6100297041 /* AppDelegate.swift in Sources */ = {isa = PBXBuildFile; fileRef = 880173831F0DAD6100297041 /* AppDelegate.swift */; };
		880173861F0DAD6100297041 /* ViewController.swift in Sources */ = {isa = PBXBuildFile; fileRef = 880173851F0DAD6100297041 /* ViewController.swift */; };
		880173891F0DAD6100297041 /* Main.storyboard in Resources */ = {isa = PBXBuildFile; fileRef = 880173871F0DAD6100297041 /* Main.storyboard */; };
		8801738B1F0DAD6100297041 /* Assets.xcassets in Resources */ = {isa = PBXBuildFile; fileRef = 8801738A1F0DAD6100297041 /* Assets.xcassets */; };
		8801738E1F0DAD6100297041 /* LaunchScreen.storyboard in Resources */ = {isa = PBXBuildFile; fileRef = 8801738C1F0DAD6100297041 /* LaunchScreen.storyboard */; };
/* End PBXBuildFile section */

/* Begin PBXFileReference section */
		880173801F0DAD6100297041 /* WorldWarSKE.app */ = {isa = PBXFileReference; explicitFileType = wrapper.application; includeInIndex = 0; path = WorldWarSKE.app; sourceTree = BUILT_PRODUCTS_DIR; };
		880173831F0DAD6100297041 /* AppDelegate.swift */ = {isa = PBXFileReference; lastKnownFileType = sourcecode.swift; path = AppDelegate.swift; sourceTree = "<group>"; };
		880173851F0DAD6100297041 /* ViewController.swift */ = {isa = PBXFileReference; lastKnownFileType = sourcecode.swift; path = ViewController.swift; sourceTree = "<group>"; };
		880173881F0DAD6100297041 /* Base */ = {isa = PBXFileReference; lastKnownFileType = file.storyboard; name = Base; path = Base.lproj/Main.storyboard; sourceTree = "<group>"; };
		8801738A1F0DAD6100297041 /* Assets.xcassets */ = {isa = PBXFileReference; lastKnownFileType = folder.assetcatalog; path = Assets.xcassets; sourceTree = "<group>"; };
		8801738D1F0DAD6100297041 /* Base */ = {isa = PBXFileReference; lastKnownFileType = file.storyboard; name = Base; path = Base.lproj/LaunchScreen.storyboard; sourceTree = "<group>"; };
		8801738F1F0DAD6100297041 /* Info.plist */ = {isa = PBXFileReference; lastKnownFileType = text.plist.xml; path = Info.plist; sourceTree = "<group>"; };
/* End PBXFileReference section */

/* Begin PBXFrameworksBuildPhase section */
		8801737D1F0DAD6100297041 /* Frameworks */ = {
			isa = PBXFrameworksBuildPhase;
			buildActionMask = 2147483647;
			files = (
			);
			runOnlyForDeploymentPostprocessing = 0;
		};
/* End PBXFrameworksBuildPhase section */

/* Begin PBXGroup section */
		880173771F0DAD6100297041 = {
			isa = PBXGroup;
			children = (
				880173821F0DAD6100297041 /* WorldWarSKE */,
				880173811F0DAD6100297041 /* Products */,
			);
			sourceTree = "<group>";
		};
		880173811F0DAD6100297041 /* Products */ = {
			isa = PBXGroup;
			children = (
				880173801F0DAD6100297041 /* WorldWarSKE.app */,
			);
			name = Products;
			sourceTree = "<group>";
		};
		880173821F0DAD6100297041 /* WorldWarSKE */ = {
			isa = PBXGroup;
			children = (
				880173831F0DAD6100297041 /* AppDelegate.swift */,
				880173851F0DAD6100297041 /* ViewController.swift */,
				880173871F0DAD6100297041 /* Main.storyboard */,
				8801738A1F0DAD6100297041 /* Assets.xcassets */,
				8801738C1F0DAD6100297041 /* LaunchScreen.storyboard */,
				8801738F1F0DAD6100297041 /* Info.plist */,
			);
			path = WorldWarSKE;
			sourceTree = "<group>";
		};
/* End PBXGroup section */

/* Begin PBXNativeTarget section */
		8801737F1F0DAD6100297041 /* WorldWarSKE */ = {
			isa = PBXNativeTarget;
			buildConfigurationList = 880173921F0DAD6100297041 /* Build configuration list for PBXNativeTarget "WorldWarSKE" */;
			buildPhases = (
				8801737C1F0DAD6100297041 /* Sources */,
				8801737D1F0DAD6100297041 /* Frameworks */,
				8801737E1F0DAD6100297041 /* Resources */,
			);
			buildRules = (
			);
			dependencies = (
			);
			name = WorldWarSKE;
			productName = WorldWarSKE;
			productReference = 880173801F0DAD6100297041 /* WorldWarSKE.app */;
			productType = "com.apple.product-type.application";
		};
/* End PBXNativeTarget section */

/* Begin PBXProject section */
		880173781F0DAD6100297041 /* Project object */ = {
			isa = PBXProject;
			attributes = {
				LastSwiftUpdateCheck = 0830;
				LastUpgradeCheck = 0830;
				ORGANIZATIONNAME = "Sain-R Edwards Jr.";
				TargetAttributes = {
					8801737F1F0DAD6100297041 = {
						CreatedOnToolsVersion = 8.3.3;
						DevelopmentTeam = YRMU5C8C32;
						ProvisioningStyle = Automatic;
					};
				};
			};
			buildConfigurationList = 8801737B1F0DAD6100297041 /* Build configuration list for PBXProject "WorldWarSKE" */;
			compatibilityVersion = "Xcode 3.2";
			developmentRegion = English;
			hasScannedForEncodings = 0;
			knownRegions = (
				en,
				Base,
			);
			mainGroup = 880173771F0DAD6100297041;
			productRefGroup = 880173811F0DAD6100297041 /* Products */;
			projectDirPath = "";
			projectRoot = "";
			targets = (
				8801737F1F0DAD6100297041 /* WorldWarSKE */,
			);
		};
/* End PBXProject section */

/* Begin PBXResourcesBuildPhase section */
		8801737E1F0DAD6100297041 /* Resources */ = {
			isa = PBXResourcesBuildPhase;
			buildActionMask = 2147483647;
			files = (
				8801738E1F0DAD6100297041 /* LaunchScreen.storyboard in Resources */,
				8801738B1F0DAD6100297041 /* Assets.xcassets in Resources */,
				880173891F0DAD6100297041 /* Main.storyboard in Resources */,
			);
			runOnlyForDeploymentPostprocessing = 0;
		};
/* End PBXResourcesBuildPhase section */

/* Begin PBXSourcesBuildPhase section */
		8801737C1F0DAD6100297041 /* Sources */ = {
			isa = PBXSourcesBuildPhase;
			buildActionMask = 2147483647;
			files = (
				880173861F0DAD6100297041 /* ViewController.swift in Sources */,
				880173841F0DAD6100297041 /* AppDelegate.swift in Sources */,
			);
			runOnlyForDeploymentPostprocessing = 0;
		};
/* End PBXSourcesBuildPhase section */

/* Begin PBXVariantGroup section */
		880173871F0DAD6100297041 /* Main.storyboard */ = {
			isa = PBXVariantGroup;
			children = (
				880173881F0DAD6100297041 /* Base */,
			);
			name = Main.storyboard;
			sourceTree = "<group>";
		};
		8801738C1F0DAD6100297041 /* LaunchScreen.storyboard */ = {
			isa = PBXVariantGroup;
			children = (
				8801738D1F0DAD6100297041 /* Base */,
			);
			name = LaunchScreen.storyboard;
			sourceTree = "<group>";
		};
/* End PBXVariantGroup section */

/* Begin XCBuildConfiguration section */
		880173901F0DAD6100297041 /* Debug */ = {
			isa = XCBuildConfiguration;
			buildSettings = {
				ALWAYS_SEARCH_USER_PATHS = NO;
				CLANG_ANALYZER_NONNULL = YES;
				CLANG_ANALYZER_NUMBER_OBJECT_CONVERSION = YES_AGGRESSIVE;
				CLANG_CXX_LANGUAGE_STANDARD = "gnu++0x";
				CLANG_CXX_LIBRARY = "libc++";
				CLANG_ENABLE_MODULES = YES;
				CLANG_ENABLE_OBJC_ARC = YES;
				CLANG_WARN_BOOL_CONVERSION = YES;
				CLANG_WARN_CONSTANT_CONVERSION = YES;
				CLANG_WARN_DIRECT_OBJC_ISA_USAGE = YES_ERROR;
				CLANG_WARN_DOCUMENTATION_COMMENTS = YES;
				CLANG_WARN_EMPTY_BODY = YES;
				CLANG_WARN_ENUM_CONVERSION = YES;
				CLANG_WARN_INFINITE_RECURSION = YES;
				CLANG_WARN_INT_CONVERSION = YES;
				CLANG_WARN_OBJC_ROOT_CLASS = YES_ERROR;
				CLANG_WARN_SUSPICIOUS_MOVE = YES;
				CLANG_WARN_UNREACHABLE_CODE = YES;
				CLANG_WARN__DUPLICATE_METHOD_MATCH = YES;
				"CODE_SIGN_IDENTITY[sdk=iphoneos*]" = "iPhone Developer";
				COPY_PHASE_STRIP = NO;
				DEBUG_INFORMATION_FORMAT = dwarf;
				ENABLE_STRICT_OBJC_MSGSEND = YES;
				ENABLE_TESTABILITY = YES;
				GCC_C_LANGUAGE_STANDARD = gnu99;
				GCC_DYNAMIC_NO_PIC = NO;
				GCC_NO_COMMON_BLOCKS = YES;
				GCC_OPTIMIZATION_LEVEL = 0;
				GCC_PREPROCESSOR_DEFINITIONS = (
					"DEBUG=1",
					"$(inherited)",
				);
				GCC_WARN_64_TO_32_BIT_CONVERSION = YES;
				GCC_WARN_ABOUT_RETURN_TYPE = YES_ERROR;
				GCC_WARN_UNDECLARED_SELECTOR = YES;
				GCC_WARN_UNINITIALIZED_AUTOS = YES_AGGRESSIVE;
				GCC_WARN_UNUSED_FUNCTION = YES;
				GCC_WARN_UNUSED_VARIABLE = YES;
				IPHONEOS_DEPLOYMENT_TARGET = 10.3;
				MTL_ENABLE_DEBUG_INFO = YES;
				ONLY_ACTIVE_ARCH = YES;
				SDKROOT = iphoneos;
				SWIFT_ACTIVE_COMPILATION_CONDITIONS = DEBUG;
				SWIFT_OPTIMIZATION_LEVEL = "-Onone";
			};
			name = Debug;
		};
		880173911F0DAD6100297041 /* Release */ = {
			isa = XCBuildConfiguration;
			buildSettings = {
				ALWAYS_SEARCH_USER_PATHS = NO;
				CLANG_ANALYZER_NONNULL = YES;
				CLANG_ANALYZER_NUMBER_OBJECT_CONVERSION = YES_AGGRESSIVE;
				CLANG_CXX_LANGUAGE_STANDARD = "gnu++0x";
				CLANG_CXX_LIBRARY = "libc++";
				CLANG_ENABLE_MODULES = YES;
				CLANG_ENABLE_OBJC_ARC = YES;
				CLANG_WARN_BOOL_CONVERSION = YES;
				CLANG_WARN_CONSTANT_CONVERSION = YES;
				CLANG_WARN_DIRECT_OBJC_ISA_USAGE = YES_ERROR;
				CLANG_WARN_DOCUMENTATION_COMMENTS = YES;
				CLANG_WARN_EMPTY_BODY = YES;
				CLANG_WARN_ENUM_CONVERSION = YES;
				CLANG_WARN_INFINITE_RECURSION = YES;
				CLANG_WARN_INT_CONVERSION = YES;
				CLANG_WARN_OBJC_ROOT_CLASS = YES_ERROR;
				CLANG_WARN_SUSPICIOUS_MOVE = YES;
				CLANG_WARN_UNREACHABLE_CODE = YES;
				CLANG_WARN__DUPLICATE_METHOD_MATCH = YES;
				"CODE_SIGN_IDENTITY[sdk=iphoneos*]" = "iPhone Developer";
				COPY_PHASE_STRIP = NO;
				DEBUG_INFORMATION_FORMAT = "dwarf-with-dsym";
				ENABLE_NS_ASSERTIONS = NO;
				ENABLE_STRICT_OBJC_MSGSEND = YES;
				GCC_C_LANGUAGE_STANDARD = gnu99;
				GCC_NO_COMMON_BLOCKS = YES;
				GCC_WARN_64_TO_32_BIT_CONVERSION = YES;
				GCC_WARN_ABOUT_RETURN_TYPE = YES_ERROR;
				GCC_WARN_UNDECLARED_SELECTOR = YES;
				GCC_WARN_UNINITIALIZED_AUTOS = YES_AGGRESSIVE;
				GCC_WARN_UNUSED_FUNCTION = YES;
				GCC_WARN_UNUSED_VARIABLE = YES;
				IPHONEOS_DEPLOYMENT_TARGET = 10.3;
				MTL_ENABLE_DEBUG_INFO = NO;
				SDKROOT = iphoneos;
				SWIFT_OPTIMIZATION_LEVEL = "-Owholemodule";
				VALIDATE_PRODUCT = YES;
			};
			name = Release;
		};
		880173931F0DAD6100297041 /* Debug */ = {
			isa = XCBuildConfiguration;
			buildSettings = {
				ASSETCATALOG_COMPILER_APPICON_NAME = AppIcon;
				DEVELOPMENT_TEAM = YRMU5C8C32;
				INFOPLIST_FILE = WorldWarSKE/Info.plist;
				LD_RUNPATH_SEARCH_PATHS = "$(inherited) @executable_path/Frameworks";
				PRODUCT_BUNDLE_IDENTIFIER = com.appybuildmore.WorldWarSKE;
				PRODUCT_NAME = "$(TARGET_NAME)";
				SWIFT_VERSION = 3.0;
			};
			name = Debug;
		};
		880173941F0DAD6100297041 /* Release */ = {
			isa = XCBuildConfiguration;
			buildSettings = {
				ASSETCATALOG_COMPILER_APPICON_NAME = AppIcon;
				DEVELOPMENT_TEAM = YRMU5C8C32;
				INFOPLIST_FILE = WorldWarSKE/Info.plist;
				LD_RUNPATH_SEARCH_PATHS = "$(inherited) @executable_path/Frameworks";
				PRODUCT_BUNDLE_IDENTIFIER = com.appybuildmore.WorldWarSKE;
				PRODUCT_NAME = "$(TARGET_NAME)";
				SWIFT_VERSION = 3.0;
			};
			name = Release;
		};
/* End XCBuildConfiguration section */

/* Begin XCConfigurationList section */
		8801737B1F0DAD6100297041 /* Build configuration list for PBXProject "WorldWarSKE" */ = {
			isa = XCConfigurationList;
			buildConfigurations = (
				880173901F0DAD6100297041 /* Debug */,
				880173911F0DAD6100297041 /* Release */,
			);
			defaultConfigurationIsVisible = 0;
			defaultConfigurationName = Release;
		};
		880173921F0DAD6100297041 /* Build configuration list for PBXNativeTarget "WorldWarSKE" */ = {
			isa = XCConfigurationList;
			buildConfigurations = (
				880173931F0DAD6100297041 /* Debug */,
				880173941F0DAD6100297041 /* Release */,
			);
			defaultConfigurationIsVisible = 0;
		};
/* End XCConfigurationList section */
	};
	rootObject = 880173781F0DAD6100297041 /* Project object */;
}
